
Microsoft Visual Studio Solution File, Format Version 12.00
# Visual Studio Version 16
VisualStudioVersion = 16.0.32510.428
MinimumVisualStudioVersion = 10.0.40219.1
Project("{FAE04EC0-301F-11D3-BF4B-00C04F79EFBC}") = "HataYonetımı", "HataYonetımı.csproj", "{B57CBC1C-56C0-4406-8254-7E1CA85A7E59}"
EndProject
Global
	GlobalSection(SolutionConfigurationPlatforms) = preSolution
		Debug|Any CPU = Debug|Any CPU
		Release|Any CPU = Release|Any CPU
	EndGlobalSection
	GlobalSection(ProjectConfigurationPlatforms) = postSolution
		{B57CBC1C-56C0-4406-8254-7E1CA85A7E59}.Debug|Any CPU.ActiveCfg = Debug|Any CPU
		{B57CBC1C-56C0-4406-8254-7E1CA85A7E59}.Debug|Any CPU.Build.0 = Debug|Any CPU
		{B57CBC1C-56C0-4406-8254-7E1CA85A7E59}.Release|Any CPU.ActiveCfg = Release|Any CPU
		{B57CBC1C-56C0-4406-8254-7E1CA85A7E59}.Release|Any CPU.Build.0 = Release|Any CPU
	EndGlobalSection
	GlobalSection(SolutionProperties) = preSolution
		HideSolutionNode = FALSE
	EndGlobalSection
	GlobalSection(ExtensibilityGlobals) = postSolution
		SolutionGuid = {EE69EA63-DD64-48B2-B707-B9FC64F71195}
	EndGlobalSection
EndGlobal
