
Microsoft Visual Studio Solution File, Format Version 12.00
# Visual Studio Version 16
VisualStudioVersion = 16.0.32510.428
MinimumVisualStudioVersion = 10.0.40219.1
Project("{FAE04EC0-301F-11D3-BF4B-00C04F79EFBC}") = "Tip_donusumler", "Tip_donusumler.csproj", "{B255FC9C-DD37-4CCC-B944-951091215E5D}"
EndProject
Global
	GlobalSection(SolutionConfigurationPlatforms) = preSolution
		Debug|Any CPU = Debug|Any CPU
		Release|Any CPU = Release|Any CPU
	EndGlobalSection
	GlobalSection(ProjectConfigurationPlatforms) = postSolution
		{B255FC9C-DD37-4CCC-B944-951091215E5D}.Debug|Any CPU.ActiveCfg = Debug|Any CPU
		{B255FC9C-DD37-4CCC-B944-951091215E5D}.Debug|Any CPU.Build.0 = Debug|Any CPU
		{B255FC9C-DD37-4CCC-B944-951091215E5D}.Release|Any CPU.ActiveCfg = Release|Any CPU
		{B255FC9C-DD37-4CCC-B944-951091215E5D}.Release|Any CPU.Build.0 = Release|Any CPU
	EndGlobalSection
	GlobalSection(SolutionProperties) = preSolution
		HideSolutionNode = FALSE
	EndGlobalSection
	GlobalSection(ExtensibilityGlobals) = postSolution
		SolutionGuid = {50184F8F-A6D3-4F9C-A0AF-9483133BE63C}
	EndGlobalSection
EndGlobal
